
Microsoft Visual Studio Solution File, Format Version 12.00
# Visual Studio 15
VisualStudioVersion = 15.0.26730.12
MinimumVisualStudioVersion = 10.0.40219.1
Project("{9A19103F-16F7-4668-BE54-9A1E7A4F7556}") = "DockerApiProject", "DockerApiProject.csproj", "{F735B277-759B-47F0-8C75-7EF7E1FE9909}"
EndProject
Global
	GlobalSection(SolutionConfigurationPlatforms) = preSolution
		Debug|Any CPU = Debug|Any CPU
		Release|Any CPU = Release|Any CPU
	EndGlobalSection
	GlobalSection(ProjectConfigurationPlatforms) = postSolution
		{F735B277-759B-47F0-8C75-7EF7E1FE9909}.Debug|Any CPU.ActiveCfg = Debug|Any CPU
		{F735B277-759B-47F0-8C75-7EF7E1FE9909}.Debug|Any CPU.Build.0 = Debug|Any CPU
		{F735B277-759B-47F0-8C75-7EF7E1FE9909}.Release|Any CPU.ActiveCfg = Release|Any CPU
		{F735B277-759B-47F0-8C75-7EF7E1FE9909}.Release|Any CPU.Build.0 = Release|Any CPU
	EndGlobalSection
	GlobalSection(SolutionProperties) = preSolution
		HideSolutionNode = FALSE
	EndGlobalSection
	GlobalSection(ExtensibilityGlobals) = postSolution
		SolutionGuid = {14B77040-E766-4846-A618-9106C7649917}
	EndGlobalSection
EndGlobal
